
Microsoft Visual Studio Solution File, Format Version 12.00
# Visual Studio Version 17
VisualStudioVersion = 17.4.33110.190
MinimumVisualStudioVersion = 10.0.40219.1
Project("{FAE04EC0-301F-11D3-BF4B-00C04F79EFBC}") = "RazorPagesMovie", "RazorPagesMovie.csproj", "{15417A1B-DD5D-4325-8FAC-0F3BEA89321C}"
EndProject
Global
	GlobalSection(SolutionConfigurationPlatforms) = preSolution
		Debug|Any CPU = Debug|Any CPU
		Release|Any CPU = Release|Any CPU
	EndGlobalSection
	GlobalSection(ProjectConfigurationPlatforms) = postSolution
		{15417A1B-DD5D-4325-8FAC-0F3BEA89321C}.Debug|Any CPU.ActiveCfg = Debug|Any CPU
		{15417A1B-DD5D-4325-8FAC-0F3BEA89321C}.Debug|Any CPU.Build.0 = Debug|Any CPU
		{15417A1B-DD5D-4325-8FAC-0F3BEA89321C}.Release|Any CPU.ActiveCfg = Release|Any CPU
		{15417A1B-DD5D-4325-8FAC-0F3BEA89321C}.Release|Any CPU.Build.0 = Release|Any CPU
	EndGlobalSection
	GlobalSection(SolutionProperties) = preSolution
		HideSolutionNode = FALSE
	EndGlobalSection
	GlobalSection(ExtensibilityGlobals) = postSolution
		SolutionGuid = {D786EAF4-76A7-4D9F-9750-37570C7AED49}
	EndGlobalSection
EndGlobal
